Microsoft Visual Studio Solution File, Format Version 12.00
# Visual Studio Version 17
VisualStudioVersion = 17.13.35617.110
MinimumVisualStudioVersion = 10.0.40219.1
Project("{FAE04EC0-301F-11D3-BF4B-00C04F79EFBC}") = "thuctapCN", "thuctapCN\thuctapCN.csproj", "{A171E248-C635-42BD-A576-10388449EEFD}"
EndProject
Global
	GlobalSection(SolutionConfigurationPlatforms) = preSolution
		Debug|Any CPU = Debug|Any CPU
		Release|Any CPU = Release|Any CPU
	EndGlobalSection
	GlobalSection(ProjectConfigurationPlatforms) = postSolution
		{A171E248-C635-42BD-A576-10388449EEFD}.Debug|Any CPU.ActiveCfg = Debug|Any CPU
		{A171E248-C635-42BD-A576-10388449EEFD}.Debug|Any CPU.Build.0 = Debug|Any CPU
		{A171E248-C635-42BD-A576-10388449EEFD}.Release|Any CPU.ActiveCfg = Release|Any CPU
		{A171E248-C635-42BD-A576-10388449EEFD}.Release|Any CPU.Build.0 = Release|Any CPU
	EndGlobalSection
	GlobalSection(SolutionProperties) = preSolution
		HideSolutionNode = FALSE
	EndGlobalSection
	GlobalSection(ExtensibilityGlobals) = postSolution
		SolutionGuid = {E4373BF9-38FB-4B22-AB1D-93C861E476EE}
	EndGlobalSection
EndGlobal
